
Microsoft Visual Studio Solution File, Format Version 12.00
# Visual Studio Version 17
VisualStudioVersion = 17.2.32616.157
MinimumVisualStudioVersion = 10.0.40219.1
Project("{FAE04EC0-301F-11D3-BF4B-00C04F79EFBC}") = "Task6", "Task6\Task6.csproj", "{03E82D22-52A0-428D-80A8-8026F67164D5}"
EndProject
Global
	GlobalSection(SolutionConfigurationPlatforms) = preSolution
		Debug|Any CPU = Debug|Any CPU
		Release|Any CPU = Release|Any CPU
	EndGlobalSection
	GlobalSection(ProjectConfigurationPlatforms) = postSolution
		{03E82D22-52A0-428D-80A8-8026F67164D5}.Debug|Any CPU.ActiveCfg = Debug|Any CPU
		{03E82D22-52A0-428D-80A8-8026F67164D5}.Debug|Any CPU.Build.0 = Debug|Any CPU
		{03E82D22-52A0-428D-80A8-8026F67164D5}.Release|Any CPU.ActiveCfg = Release|Any CPU
		{03E82D22-52A0-428D-80A8-8026F67164D5}.Release|Any CPU.Build.0 = Release|Any CPU
	EndGlobalSection
	GlobalSection(SolutionProperties) = preSolution
		HideSolutionNode = FALSE
	EndGlobalSection
	GlobalSection(ExtensibilityGlobals) = postSolution
		SolutionGuid = {BBC23CFC-E4E7-4727-8A28-BBCB77BE893F}
	EndGlobalSection
EndGlobal
